
Microsoft Visual Studio Solution File, Format Version 12.00
# Visual Studio Version 16
VisualStudioVersion = 16.0.29009.5
MinimumVisualStudioVersion = 10.0.40219.1
Project("{9A19103F-16F7-4668-BE54-9A1E7A4F7556}") = "NerdNews.Web", "NerdNews.Web\NerdNews.Web.csproj", "{AD96C276-961B-42E1-AB7A-E23B169D9C56}"
EndProject
Project("{9A19103F-16F7-4668-BE54-9A1E7A4F7556}") = "NerdNews.Data", "NerdNews.Data\NerdNews.Data.csproj", "{5DD01573-C3FF-4476-846B-735123B234A3}"
EndProject
Project("{9A19103F-16F7-4668-BE54-9A1E7A4F7556}") = "NerdNews.Application", "NerdNews.Application\NerdNews.Application.csproj", "{5D4AD02A-CD0B-49C0-B5FD-AAC2E5C8B64D}"
EndProject
Project("{FAE04EC0-301F-11D3-BF4B-00C04F79EFBC}") = "NerdNews.NewsAPI", "NerdNews.NewsAPI\NerdNews.NewsAPI.csproj", "{67F80092-941E-467B-B6D0-8AA004C8FE39}"
EndProject
Project("{FAE04EC0-301F-11D3-BF4B-00C04F79EFBC}") = "NerdNews.Tests", "NerdNews.Tests\NerdNews.Tests.csproj", "{7D4543BB-A04C-48EA-ABD7-A9C5E5274C1E}"
EndProject
Global
	GlobalSection(SolutionConfigurationPlatforms) = preSolution
		Debug|Any CPU = Debug|Any CPU
		Release|Any CPU = Release|Any CPU
	EndGlobalSection
	GlobalSection(ProjectConfigurationPlatforms) = postSolution
		{AD96C276-961B-42E1-AB7A-E23B169D9C56}.Debug|Any CPU.ActiveCfg = Debug|Any CPU
		{AD96C276-961B-42E1-AB7A-E23B169D9C56}.Debug|Any CPU.Build.0 = Debug|Any CPU
		{AD96C276-961B-42E1-AB7A-E23B169D9C56}.Release|Any CPU.ActiveCfg = Release|Any CPU
		{AD96C276-961B-42E1-AB7A-E23B169D9C56}.Release|Any CPU.Build.0 = Release|Any CPU
		{5DD01573-C3FF-4476-846B-735123B234A3}.Debug|Any CPU.ActiveCfg = Debug|Any CPU
		{5DD01573-C3FF-4476-846B-735123B234A3}.Debug|Any CPU.Build.0 = Debug|Any CPU
		{5DD01573-C3FF-4476-846B-735123B234A3}.Release|Any CPU.ActiveCfg = Release|Any CPU
		{5DD01573-C3FF-4476-846B-735123B234A3}.Release|Any CPU.Build.0 = Release|Any CPU
		{5D4AD02A-CD0B-49C0-B5FD-AAC2E5C8B64D}.Debug|Any CPU.ActiveCfg = Debug|Any CPU
		{5D4AD02A-CD0B-49C0-B5FD-AAC2E5C8B64D}.Debug|Any CPU.Build.0 = Debug|Any CPU
		{5D4AD02A-CD0B-49C0-B5FD-AAC2E5C8B64D}.Release|Any CPU.ActiveCfg = Release|Any CPU
		{5D4AD02A-CD0B-49C0-B5FD-AAC2E5C8B64D}.Release|Any CPU.Build.0 = Release|Any CPU
		{67F80092-941E-467B-B6D0-8AA004C8FE39}.Debug|Any CPU.ActiveCfg = Debug|Any CPU
		{67F80092-941E-467B-B6D0-8AA004C8FE39}.Debug|Any CPU.Build.0 = Debug|Any CPU
		{67F80092-941E-467B-B6D0-8AA004C8FE39}.Release|Any CPU.ActiveCfg = Release|Any CPU
		{67F80092-941E-467B-B6D0-8AA004C8FE39}.Release|Any CPU.Build.0 = Release|Any CPU
		{7D4543BB-A04C-48EA-ABD7-A9C5E5274C1E}.Debug|Any CPU.ActiveCfg = Debug|Any CPU
		{7D4543BB-A04C-48EA-ABD7-A9C5E5274C1E}.Debug|Any CPU.Build.0 = Debug|Any CPU
		{7D4543BB-A04C-48EA-ABD7-A9C5E5274C1E}.Release|Any CPU.ActiveCfg = Release|Any CPU
		{7D4543BB-A04C-48EA-ABD7-A9C5E5274C1E}.Release|Any CPU.Build.0 = Release|Any CPU
	EndGlobalSection
	GlobalSection(SolutionProperties) = preSolution
		HideSolutionNode = FALSE
	EndGlobalSection
	GlobalSection(ExtensibilityGlobals) = postSolution
		SolutionGuid = {7999C31B-5570-4A6F-995C-CFBB50777BF4}
	EndGlobalSection
EndGlobal
